
Microsoft Visual Studio Solution File, Format Version 12.00
# Visual Studio Version 17
VisualStudioVersion = 17.3.32929.385
MinimumVisualStudioVersion = 10.0.40219.1
Project("{FAE04EC0-301F-11D3-BF4B-00C04F79EFBC}") = "Parser", "FMReader\Parser.csproj", "{5295FC2B-AF40-4B0E-BE16-C43F695EB3C2}"
EndProject
Global
	GlobalSection(SolutionConfigurationPlatforms) = preSolution
		Debug|Any CPU = Debug|Any CPU
		Release|Any CPU = Release|Any CPU
	EndGlobalSection
	GlobalSection(ProjectConfigurationPlatforms) = postSolution
		{5295FC2B-AF40-4B0E-BE16-C43F695EB3C2}.Debug|Any CPU.ActiveCfg = Debug|Any CPU
		{5295FC2B-AF40-4B0E-BE16-C43F695EB3C2}.Debug|Any CPU.Build.0 = Debug|Any CPU
		{5295FC2B-AF40-4B0E-BE16-C43F695EB3C2}.Release|Any CPU.ActiveCfg = Release|Any CPU
		{5295FC2B-AF40-4B0E-BE16-C43F695EB3C2}.Release|Any CPU.Build.0 = Release|Any CPU
	EndGlobalSection
	GlobalSection(SolutionProperties) = preSolution
		HideSolutionNode = FALSE
	EndGlobalSection
	GlobalSection(ExtensibilityGlobals) = postSolution
		SolutionGuid = {DCC94AFD-64EC-44EF-96F7-2FF85ADC163B}
	EndGlobalSection
EndGlobal
